
Microsoft Visual Studio Solution File, Format Version 12.00
# Visual Studio Version 17
VisualStudioVersion = 17.7.34202.233
MinimumVisualStudioVersion = 10.0.40219.1
Project("{FAE04EC0-301F-11D3-BF4B-00C04F79EFBC}") = "MauiControlsLib", "src\MauiControlsLib\MauiControlsLib.csproj", "{A628AA9A-A1BC-4F56-943A-FABF62590CD6}"
EndProject
Global
	GlobalSection(SolutionConfigurationPlatforms) = preSolution
		Debug|Any CPU = Debug|Any CPU
		Release|Any CPU = Release|Any CPU
	EndGlobalSection
	GlobalSection(ProjectConfigurationPlatforms) = postSolution
		{A628AA9A-A1BC-4F56-943A-FABF62590CD6}.Debug|Any CPU.ActiveCfg = Debug|Any CPU
		{A628AA9A-A1BC-4F56-943A-FABF62590CD6}.Debug|Any CPU.Build.0 = Debug|Any CPU
		{A628AA9A-A1BC-4F56-943A-FABF62590CD6}.Release|Any CPU.ActiveCfg = Release|Any CPU
		{A628AA9A-A1BC-4F56-943A-FABF62590CD6}.Release|Any CPU.Build.0 = Release|Any CPU
	EndGlobalSection
	GlobalSection(SolutionProperties) = preSolution
		HideSolutionNode = FALSE
	EndGlobalSection
	GlobalSection(ExtensibilityGlobals) = postSolution
		SolutionGuid = {F7FE867D-812C-4340-9CE0-C80A433043E8}
	EndGlobalSection
EndGlobal
